// !$*UTF8*$!
{
	archiveVersion = 1;
	classes = {
	};
	objectVersion = 48;
	objects = {

/* Begin PBXBuildFile section */
		510151381D369FB667CE1897 /* Pods_WhereIsMaFoodTests.framework in Frameworks */ = {isa = PBXBuildFile; fileRef = 707309EBF3AEFA30D5008199 /* Pods_WhereIsMaFoodTests.framework */; };
		AAF10C715EA9EC41DE25151F /* Pods_WhereIsMaFood.framework in Frameworks */ = {isa = PBXBuildFile; fileRef = 5499EC0C2296C03847E0F55F /* Pods_WhereIsMaFood.framework */; };
		AD34AE761F29AE79002DD9FA /* RestaurantsDataSource.swift in Sources */ = {isa = PBXBuildFile; fileRef = AD34AE751F29AE79002DD9FA /* RestaurantsDataSource.swift */; };
		AD34AE7A1F2A4171002DD9FA /* TestUtils.swift in Sources */ = {isa = PBXBuildFile; fileRef = AD34AE791F2A4171002DD9FA /* TestUtils.swift */; };
		AD34AE7C1F2B0C31002DD9FA /* LocationManager.swift in Sources */ = {isa = PBXBuildFile; fileRef = AD34AE7B1F2B0C31002DD9FA /* LocationManager.swift */; };
		AD4208CE1F22568B00671FE8 /* WhereIsMaFoodTests.swift in Sources */ = {isa = PBXBuildFile; fileRef = AD4208CD1F22568B00671FE8 /* WhereIsMaFoodTests.swift */; };
		AD44BDE51F3066B500D75FA3 /* Main.storyboard in Resources */ = {isa = PBXBuildFile; fileRef = AD44BDE41F3066B400D75FA3 /* Main.storyboard */; };
		AD7050651F38BAF500D5EA2A /* RestaurantTableCell.swift in Sources */ = {isa = PBXBuildFile; fileRef = AD7050641F38BAF500D5EA2A /* RestaurantTableCell.swift */; };
		AD7050691F38E8EC00D5EA2A /* RestaurantTableWrapper.swift in Sources */ = {isa = PBXBuildFile; fileRef = AD7050681F38E8EC00D5EA2A /* RestaurantTableWrapper.swift */; };
		AD70506B1F3A11F200D5EA2A /* ShowWebsiteModalViewController.swift in Sources */ = {isa = PBXBuildFile; fileRef = AD70506A1F3A11F200D5EA2A /* ShowWebsiteModalViewController.swift */; };
		AD854A6B1F1D447E000572CC /* App.swift in Sources */ = {isa = PBXBuildFile; fileRef = AD854A6A1F1D447E000572CC /* App.swift */; };
		ADA279531F17CEA900F9B318 /* AppDelegate.swift in Sources */ = {isa = PBXBuildFile; fileRef = ADA279521F17CEA900F9B318 /* AppDelegate.swift */; };
		ADA279551F17CEA900F9B318 /* RestaurantTable.swift in Sources */ = {isa = PBXBuildFile; fileRef = ADA279541F17CEA900F9B318 /* RestaurantTable.swift */; };
		ADA2795A1F17CEA900F9B318 /* Assets.xcassets in Resources */ = {isa = PBXBuildFile; fileRef = ADA279591F17CEA900F9B318 /* Assets.xcassets */; };
		ADA2795D1F17CEA900F9B318 /* LaunchScreen.storyboard in Resources */ = {isa = PBXBuildFile; fileRef = ADA2795B1F17CEA900F9B318 /* LaunchScreen.storyboard */; };
		ADA279821F17D64100F9B318 /* MapManager.swift in Sources */ = {isa = PBXBuildFile; fileRef = ADA279811F17D64100F9B318 /* MapManager.swift */; };
		ADA279841F17D70F00F9B318 /* AlertsManager.swift in Sources */ = {isa = PBXBuildFile; fileRef = ADA279831F17D70F00F9B318 /* AlertsManager.swift */; };
		ADCF87B11F1D3F5900F4188C /* MapKit.framework in Frameworks */ = {isa = PBXBuildFile; fileRef = ADCF87B01F1D3F5900F4188C /* MapKit.framework */; };
		ADE77D3A1F20746200C06C16 /* Utils.swift in Sources */ = {isa = PBXBuildFile; fileRef = ADE77D391F20746200C06C16 /* Utils.swift */; };
		ADEA92631F2F3EF3006DC727 /* SearchBarManager.swift in Sources */ = {isa = PBXBuildFile; fileRef = ADEA92621F2F3EF3006DC727 /* SearchBarManager.swift */; };
/* End PBXBuildFile section */

/* Begin PBXContainerItemProxy section */
		AD4208D01F22568B00671FE8 /* PBXContainerItemProxy */ = {
			isa = PBXContainerItemProxy;
			containerPortal = ADA279471F17CEA900F9B318 /* Project object */;
			proxyType = 1;
			remoteGlobalIDString = ADA2794E1F17CEA900F9B318;
			remoteInfo = WhereIsMaFood;
		};
/* End PBXContainerItemProxy section */

/* Begin PBXFileReference section */
		1F5B772E4388044FDD50ECB2 /* Pods-WhereIsMaFood.debug.xcconfig */ = {isa = PBXFileReference; includeInIndex = 1; lastKnownFileType = text.xcconfig; name = "Pods-WhereIsMaFood.debug.xcconfig"; path = "Pods/Target Support Files/Pods-WhereIsMaFood/Pods-WhereIsMaFood.debug.xcconfig"; sourceTree = "<group>"; };
		2263590530F1ABCDFB4E085D /* Pods-WhereIsMaFoodTests.debug.xcconfig */ = {isa = PBXFileReference; includeInIndex = 1; lastKnownFileType = text.xcconfig; name = "Pods-WhereIsMaFoodTests.debug.xcconfig"; path = "Pods/Target Support Files/Pods-WhereIsMaFoodTests/Pods-WhereIsMaFoodTests.debug.xcconfig"; sourceTree = "<group>"; };
		5499EC0C2296C03847E0F55F /* Pods_WhereIsMaFood.framework */ = {isa = PBXFileReference; explicitFileType = wrapper.framework; includeInIndex = 0; path = Pods_WhereIsMaFood.framework; sourceTree = BUILT_PRODUCTS_DIR; };
		707309EBF3AEFA30D5008199 /* Pods_WhereIsMaFoodTests.framework */ = {isa = PBXFileReference; explicitFileType = wrapper.framework; includeInIndex = 0; path = Pods_WhereIsMaFoodTests.framework; sourceTree = BUILT_PRODUCTS_DIR; };
		826D2AA0A7D26E92FA1617C7 /* Pods-WhereIsMaFoodTests.release.xcconfig */ = {isa = PBXFileReference; includeInIndex = 1; lastKnownFileType = text.xcconfig; name = "Pods-WhereIsMaFoodTests.release.xcconfig"; path = "Pods/Target Support Files/Pods-WhereIsMaFoodTests/Pods-WhereIsMaFoodTests.release.xcconfig"; sourceTree = "<group>"; };
		8832C333F09F1E883E0B9316 /* Pods-WhereIsMaFood.release.xcconfig */ = {isa = PBXFileReference; includeInIndex = 1; lastKnownFileType = text.xcconfig; name = "Pods-WhereIsMaFood.release.xcconfig"; path = "Pods/Target Support Files/Pods-WhereIsMaFood/Pods-WhereIsMaFood.release.xcconfig"; sourceTree = "<group>"; };
		AD34AE751F29AE79002DD9FA /* RestaurantsDataSource.swift */ = {isa = PBXFileReference; fileEncoding = 4; lastKnownFileType = sourcecode.swift; path = RestaurantsDataSource.swift; sourceTree = "<group>"; };
		AD34AE791F2A4171002DD9FA /* TestUtils.swift */ = {isa = PBXFileReference; fileEncoding = 4; lastKnownFileType = sourcecode.swift; path = TestUtils.swift; sourceTree = "<group>"; };
		AD34AE7B1F2B0C31002DD9FA /* LocationManager.swift */ = {isa = PBXFileReference; fileEncoding = 4; lastKnownFileType = sourcecode.swift; path = LocationManager.swift; sourceTree = "<group>"; };
		AD4208CB1F22568B00671FE8 /* WhereIsMaFoodTests.xctest */ = {isa = PBXFileReference; explicitFileType = wrapper.cfbundle; includeInIndex = 0; path = WhereIsMaFoodTests.xctest; sourceTree = BUILT_PRODUCTS_DIR; };
		AD4208CD1F22568B00671FE8 /* WhereIsMaFoodTests.swift */ = {isa = PBXFileReference; lastKnownFileType = sourcecode.swift; path = WhereIsMaFoodTests.swift; sourceTree = "<group>"; };
		AD4208CF1F22568B00671FE8 /* Info.plist */ = {isa = PBXFileReference; lastKnownFileType = text.plist.xml; path = Info.plist; sourceTree = "<group>"; };
		AD44BDE41F3066B400D75FA3 /* Main.storyboard */ = {isa = PBXFileReference; fileEncoding = 4; lastKnownFileType = file.storyboard; path = Main.storyboard; sourceTree = "<group>"; };
		AD7050641F38BAF500D5EA2A /* RestaurantTableCell.swift */ = {isa = PBXFileReference; lastKnownFileType = sourcecode.swift; path = RestaurantTableCell.swift; sourceTree = "<group>"; };
		AD7050681F38E8EC00D5EA2A /* RestaurantTableWrapper.swift */ = {isa = PBXFileReference; lastKnownFileType = sourcecode.swift; path = RestaurantTableWrapper.swift; sourceTree = "<group>"; };
		AD70506A1F3A11F200D5EA2A /* ShowWebsiteModalViewController.swift */ = {isa = PBXFileReference; lastKnownFileType = sourcecode.swift; path = ShowWebsiteModalViewController.swift; sourceTree = "<group>"; };
		AD854A6A1F1D447E000572CC /* App.swift */ = {isa = PBXFileReference; fileEncoding = 4; lastKnownFileType = sourcecode.swift; path = App.swift; sourceTree = "<group>"; };
		ADA2794F1F17CEA900F9B318 /* WhereIsMaFood.app */ = {isa = PBXFileReference; explicitFileType = wrapper.application; includeInIndex = 0; path = WhereIsMaFood.app; sourceTree = BUILT_PRODUCTS_DIR; };
		ADA279521F17CEA900F9B318 /* AppDelegate.swift */ = {isa = PBXFileReference; lastKnownFileType = sourcecode.swift; path = AppDelegate.swift; sourceTree = "<group>"; };
		ADA279541F17CEA900F9B318 /* RestaurantTable.swift */ = {isa = PBXFileReference; lastKnownFileType = sourcecode.swift; path = RestaurantTable.swift; sourceTree = "<group>"; };
		ADA279591F17CEA900F9B318 /* Assets.xcassets */ = {isa = PBXFileReference; lastKnownFileType = folder.assetcatalog; path = Assets.xcassets; sourceTree = "<group>"; };
		ADA2795C1F17CEA900F9B318 /* Base */ = {isa = PBXFileReference; lastKnownFileType = file.storyboard; name = Base; path = Base.lproj/LaunchScreen.storyboard; sourceTree = "<group>"; };
		ADA2795E1F17CEA900F9B318 /* Info.plist */ = {isa = PBXFileReference; lastKnownFileType = text.plist.xml; path = Info.plist; sourceTree = "<group>"; };
		ADA279811F17D64100F9B318 /* MapManager.swift */ = {isa = PBXFileReference; fileEncoding = 4; lastKnownFileType = sourcecode.swift; path = MapManager.swift; sourceTree = "<group>"; };
		ADA279831F17D70F00F9B318 /* AlertsManager.swift */ = {isa = PBXFileReference; fileEncoding = 4; lastKnownFileType = sourcecode.swift; path = AlertsManager.swift; sourceTree = "<group>"; };
		ADCF87B01F1D3F5900F4188C /* MapKit.framework */ = {isa = PBXFileReference; lastKnownFileType = wrapper.framework; name = MapKit.framework; path = System/Library/Frameworks/MapKit.framework; sourceTree = SDKROOT; };
		ADE77D391F20746200C06C16 /* Utils.swift */ = {isa = PBXFileReference; fileEncoding = 4; lastKnownFileType = sourcecode.swift; path = Utils.swift; sourceTree = "<group>"; };
		ADEA92621F2F3EF3006DC727 /* SearchBarManager.swift */ = {isa = PBXFileReference; fileEncoding = 4; lastKnownFileType = sourcecode.swift; path = SearchBarManager.swift; sourceTree = "<group>"; };
		AE111C773CA3690CD558DAF6 /* Pods_WhereIsMaFood_WhereIsMaFoodTests.framework */ = {isa = PBXFileReference; explicitFileType = wrapper.framework; includeInIndex = 0; path = Pods_WhereIsMaFood_WhereIsMaFoodTests.framework; sourceTree = BUILT_PRODUCTS_DIR; };
/* End PBXFileReference section */

/* Begin PBXFrameworksBuildPhase section */
		AD4208C81F22568B00671FE8 /* Frameworks */ = {
			isa = PBXFrameworksBuildPhase;
			buildActionMask = 2147483647;
			files = (
				510151381D369FB667CE1897 /* Pods_WhereIsMaFoodTests.framework in Frameworks */,
			);
			runOnlyForDeploymentPostprocessing = 0;
		};
		ADA2794C1F17CEA900F9B318 /* Frameworks */ = {
			isa = PBXFrameworksBuildPhase;
			buildActionMask = 2147483647;
			files = (
				ADCF87B11F1D3F5900F4188C /* MapKit.framework in Frameworks */,
				AAF10C715EA9EC41DE25151F /* Pods_WhereIsMaFood.framework in Frameworks */,
			);
			runOnlyForDeploymentPostprocessing = 0;
		};
/* End PBXFrameworksBuildPhase section */

/* Begin PBXGroup section */
		7271628BEA100DB9344ECDAF /* Pods */ = {
			isa = PBXGroup;
			children = (
				1F5B772E4388044FDD50ECB2 /* Pods-WhereIsMaFood.debug.xcconfig */,
				8832C333F09F1E883E0B9316 /* Pods-WhereIsMaFood.release.xcconfig */,
				2263590530F1ABCDFB4E085D /* Pods-WhereIsMaFoodTests.debug.xcconfig */,
				826D2AA0A7D26E92FA1617C7 /* Pods-WhereIsMaFoodTests.release.xcconfig */,
			);
			name = Pods;
			sourceTree = "<group>";
		};
		AD34AE7D1F2B8922002DD9FA /* Managers */ = {
			isa = PBXGroup;
			children = (
				ADA279811F17D64100F9B318 /* MapManager.swift */,
				AD34AE7B1F2B0C31002DD9FA /* LocationManager.swift */,
				ADA279831F17D70F00F9B318 /* AlertsManager.swift */,
				ADEA92621F2F3EF3006DC727 /* SearchBarManager.swift */,
			);
			name = Managers;
			sourceTree = "<group>";
		};
		AD4208CC1F22568B00671FE8 /* WhereIsMaFoodTests */ = {
			isa = PBXGroup;
			children = (
				AD4208CD1F22568B00671FE8 /* WhereIsMaFoodTests.swift */,
				AD4208CF1F22568B00671FE8 /* Info.plist */,
			);
			path = WhereIsMaFoodTests;
			sourceTree = "<group>";
		};
		AD854A671F1D442D000572CC /* UI */ = {
			isa = PBXGroup;
			children = (
				ADA279591F17CEA900F9B318 /* Assets.xcassets */,
				ADA279521F17CEA900F9B318 /* AppDelegate.swift */,
				AD854A691F1D4452000572CC /* Controllers */,
				AD854A681F1D4438000572CC /* StoryBoards */,
				ADE77D391F20746200C06C16 /* Utils.swift */,
			);
			name = UI;
			sourceTree = "<group>";
		};
		AD854A681F1D4438000572CC /* StoryBoards */ = {
			isa = PBXGroup;
			children = (
				AD44BDE41F3066B400D75FA3 /* Main.storyboard */,
				ADA2795B1F17CEA900F9B318 /* LaunchScreen.storyboard */,
			);
			name = StoryBoards;
			sourceTree = "<group>";
		};
		AD854A691F1D4452000572CC /* Controllers */ = {
			isa = PBXGroup;
			children = (
				ADA279541F17CEA900F9B318 /* RestaurantTable.swift */,
				AD7050641F38BAF500D5EA2A /* RestaurantTableCell.swift */,
				AD7050681F38E8EC00D5EA2A /* RestaurantTableWrapper.swift */,
				AD70506A1F3A11F200D5EA2A /* ShowWebsiteModalViewController.swift */,
			);
			name = Controllers;
			sourceTree = "<group>";
		};
		ADA279461F17CEA900F9B318 = {
			isa = PBXGroup;
			children = (
				ADA279511F17CEA900F9B318 /* WhereIsMaFood */,
				AD4208CC1F22568B00671FE8 /* WhereIsMaFoodTests */,
				ADA279501F17CEA900F9B318 /* Products */,
				ADCF87AF1F1D3F5900F4188C /* Frameworks */,
				7271628BEA100DB9344ECDAF /* Pods */,
			);
			indentWidth = 2;
			sourceTree = "<group>";
			tabWidth = 2;
			usesTabs = 0;
		};
		ADA279501F17CEA900F9B318 /* Products */ = {
			isa = PBXGroup;
			children = (
				ADA2794F1F17CEA900F9B318 /* WhereIsMaFood.app */,
				AD4208CB1F22568B00671FE8 /* WhereIsMaFoodTests.xctest */,
			);
			name = Products;
			sourceTree = "<group>";
		};
		ADA279511F17CEA900F9B318 /* WhereIsMaFood */ = {
			isa = PBXGroup;
			children = (
				AD854A6A1F1D447E000572CC /* App.swift */,
				AD34AE751F29AE79002DD9FA /* RestaurantsDataSource.swift */,
				AD34AE7D1F2B8922002DD9FA /* Managers */,
				AD854A671F1D442D000572CC /* UI */,
				ADA2795E1F17CEA900F9B318 /* Info.plist */,
				AD34AE791F2A4171002DD9FA /* TestUtils.swift */,
			);
			path = WhereIsMaFood;
			sourceTree = "<group>";
		};
		ADCF87AF1F1D3F5900F4188C /* Frameworks */ = {
			isa = PBXGroup;
			children = (
				ADCF87B01F1D3F5900F4188C /* MapKit.framework */,
				5499EC0C2296C03847E0F55F /* Pods_WhereIsMaFood.framework */,
				707309EBF3AEFA30D5008199 /* Pods_WhereIsMaFoodTests.framework */,
				AE111C773CA3690CD558DAF6 /* Pods_WhereIsMaFood_WhereIsMaFoodTests.framework */,
			);
			name = Frameworks;
			sourceTree = "<group>";
		};
/* End PBXGroup section */

/* Begin PBXNativeTarget section */
		AD4208CA1F22568B00671FE8 /* WhereIsMaFoodTests */ = {
			isa = PBXNativeTarget;
			buildConfigurationList = AD4208D21F22568B00671FE8 /* Build configuration list for PBXNativeTarget "WhereIsMaFoodTests" */;
			buildPhases = (
				8A11DCE4A86B83A13FB15B90 /* [CP] Check Pods Manifest.lock */,
				AD4208C71F22568B00671FE8 /* Sources */,
				AD4208C81F22568B00671FE8 /* Frameworks */,
				AD4208C91F22568B00671FE8 /* Resources */,
				036DEAE89FCA7FB5B0B61C57 /* [CP] Embed Pods Frameworks */,
				A85FC676773330994CD1FB2F /* [CP] Copy Pods Resources */,
			);
			buildRules = (
			);
			dependencies = (
				AD4208D11F22568B00671FE8 /* PBXTargetDependency */,
			);
			name = WhereIsMaFoodTests;
			productName = WhereIsMaFoodTests;
			productReference = AD4208CB1F22568B00671FE8 /* WhereIsMaFoodTests.xctest */;
			productType = "com.apple.product-type.bundle.unit-test";
		};
		ADA2794E1F17CEA900F9B318 /* WhereIsMaFood */ = {
			isa = PBXNativeTarget;
			buildConfigurationList = ADA279771F17CEAA00F9B318 /* Build configuration list for PBXNativeTarget "WhereIsMaFood" */;
			buildPhases = (
				7E5DC8F623763EAAD0EECC0E /* [CP] Check Pods Manifest.lock */,
				ADA2794B1F17CEA900F9B318 /* Sources */,
				ADA2794C1F17CEA900F9B318 /* Frameworks */,
				ADA2794D1F17CEA900F9B318 /* Resources */,
				EF1C2C0C0416E06712841B70 /* [CP] Embed Pods Frameworks */,
				D2B81B713C50914AD01F8766 /* [CP] Copy Pods Resources */,
			);
			buildRules = (
			);
			dependencies = (
			);
			name = WhereIsMaFood;
			productName = WhereIsMaFood;
			productReference = ADA2794F1F17CEA900F9B318 /* WhereIsMaFood.app */;
			productType = "com.apple.product-type.application";
		};
/* End PBXNativeTarget section */

/* Begin PBXProject section */
		ADA279471F17CEA900F9B318 /* Project object */ = {
			isa = PBXProject;
			attributes = {
				LastSwiftUpdateCheck = 0830;
				LastUpgradeCheck = 0830;
				ORGANIZATIONNAME = "Davide Callegari";
				TargetAttributes = {
					AD4208CA1F22568B00671FE8 = {
						CreatedOnToolsVersion = 8.3.3;
						ProvisioningStyle = Automatic;
						TestTargetID = ADA2794E1F17CEA900F9B318;
					};
					ADA2794E1F17CEA900F9B318 = {
						CreatedOnToolsVersion = 8.3.3;
						ProvisioningStyle = Automatic;
						SystemCapabilities = {
							com.apple.Maps.iOS = {
								enabled = 1;
							};
						};
					};
				};
			};
			buildConfigurationList = ADA2794A1F17CEA900F9B318 /* Build configuration list for PBXProject "WhereIsMaFood" */;
			compatibilityVersion = "Xcode 8.0";
			developmentRegion = English;
			hasScannedForEncodings = 0;
			knownRegions = (
				en,
				Base,
			);
			mainGroup = ADA279461F17CEA900F9B318;
			productRefGroup = ADA279501F17CEA900F9B318 /* Products */;
			projectDirPath = "";
			projectRoot = "";
			targets = (
				ADA2794E1F17CEA900F9B318 /* WhereIsMaFood */,
				AD4208CA1F22568B00671FE8 /* WhereIsMaFoodTests */,
			);
		};
/* End PBXProject section */

/* Begin PBXResourcesBuildPhase section */
		AD4208C91F22568B00671FE8 /* Resources */ = {
			isa = PBXResourcesBuildPhase;
			buildActionMask = 2147483647;
			files = (
			);
			runOnlyForDeploymentPostprocessing = 0;
		};
		ADA2794D1F17CEA900F9B318 /* Resources */ = {
			isa = PBXResourcesBuildPhase;
			buildActionMask = 2147483647;
			files = (
				AD44BDE51F3066B500D75FA3 /* Main.storyboard in Resources */,
				ADA2795D1F17CEA900F9B318 /* LaunchScreen.storyboard in Resources */,
				ADA2795A1F17CEA900F9B318 /* Assets.xcassets in Resources */,
			);
			runOnlyForDeploymentPostprocessing = 0;
		};
/* End PBXResourcesBuildPhase section */

/* Begin PBXShellScriptBuildPhase section */
		036DEAE89FCA7FB5B0B61C57 /* [CP] Embed Pods Frameworks */ = {
			isa = PBXShellScriptBuildPhase;
			buildActionMask = 2147483647;
			files = (
			);
			inputPaths = (
			);
			name = "[CP] Embed Pods Frameworks";
			outputPaths = (
			);
			runOnlyForDeploymentPostprocessing = 0;
			shellPath = /bin/sh;
			shellScript = "\"${SRCROOT}/Pods/Target Support Files/Pods-WhereIsMaFoodTests/Pods-WhereIsMaFoodTests-frameworks.sh\"\n";
			showEnvVarsInLog = 0;
		};
		7E5DC8F623763EAAD0EECC0E /* [CP] Check Pods Manifest.lock */ = {
			isa = PBXShellScriptBuildPhase;
			buildActionMask = 2147483647;
			files = (
			);
			inputPaths = (
			);
			name = "[CP] Check Pods Manifest.lock";
			outputPaths = (
			);
			runOnlyForDeploymentPostprocessing = 0;
			shellPath = /bin/sh;
			shellScript = "diff \"${PODS_ROOT}/../Podfile.lock\" \"${PODS_ROOT}/Manifest.lock\" > /dev/null\nif [ $? != 0 ] ; then\n    # print error to STDERR\n    echo \"error: The sandbox is not in sync with the Podfile.lock. Run 'pod install' or update your CocoaPods installation.\" >&2\n    exit 1\nfi\n";
			showEnvVarsInLog = 0;
		};
		8A11DCE4A86B83A13FB15B90 /* [CP] Check Pods Manifest.lock */ = {
			isa = PBXShellScriptBuildPhase;
			buildActionMask = 2147483647;
			files = (
			);
			inputPaths = (
			);
			name = "[CP] Check Pods Manifest.lock";
			outputPaths = (
			);
			runOnlyForDeploymentPostprocessing = 0;
			shellPath = /bin/sh;
			shellScript = "diff \"${PODS_ROOT}/../Podfile.lock\" \"${PODS_ROOT}/Manifest.lock\" > /dev/null\nif [ $? != 0 ] ; then\n    # print error to STDERR\n    echo \"error: The sandbox is not in sync with the Podfile.lock. Run 'pod install' or update your CocoaPods installation.\" >&2\n    exit 1\nfi\n";
			showEnvVarsInLog = 0;
		};
		A85FC676773330994CD1FB2F /* [CP] Copy Pods Resources */ = {
			isa = PBXShellScriptBuildPhase;
			buildActionMask = 2147483647;
			files = (
			);
			inputPaths = (
			);
			name = "[CP] Copy Pods Resources";
			outputPaths = (
			);
			runOnlyForDeploymentPostprocessing = 0;
			shellPath = /bin/sh;
			shellScript = "\"${SRCROOT}/Pods/Target Support Files/Pods-WhereIsMaFoodTests/Pods-WhereIsMaFoodTests-resources.sh\"\n";
			showEnvVarsInLog = 0;
		};
		D2B81B713C50914AD01F8766 /* [CP] Copy Pods Resources */ = {
			isa = PBXShellScriptBuildPhase;
			buildActionMask = 2147483647;
			files = (
			);
			inputPaths = (
			);
			name = "[CP] Copy Pods Resources";
			outputPaths = (
			);
			runOnlyForDeploymentPostprocessing = 0;
			shellPath = /bin/sh;
			shellScript = "\"${SRCROOT}/Pods/Target Support Files/Pods-WhereIsMaFood/Pods-WhereIsMaFood-resources.sh\"\n";
			showEnvVarsInLog = 0;
		};
		EF1C2C0C0416E06712841B70 /* [CP] Embed Pods Frameworks */ = {
			isa = PBXShellScriptBuildPhase;
			buildActionMask = 2147483647;
			files = (
			);
			inputPaths = (
			);
			name = "[CP] Embed Pods Frameworks";
			outputPaths = (
			);
			runOnlyForDeploymentPostprocessing = 0;
			shellPath = /bin/sh;
			shellScript = "\"${SRCROOT}/Pods/Target Support Files/Pods-WhereIsMaFood/Pods-WhereIsMaFood-frameworks.sh\"\n";
			showEnvVarsInLog = 0;
		};
/* End PBXShellScriptBuildPhase section */

/* Begin PBXSourcesBuildPhase section */
		AD4208C71F22568B00671FE8 /* Sources */ = {
			isa = PBXSourcesBuildPhase;
			buildActionMask = 2147483647;
			files = (
				AD4208CE1F22568B00671FE8 /* WhereIsMaFoodTests.swift in Sources */,
			);
			runOnlyForDeploymentPostprocessing = 0;
		};
		ADA2794B1F17CEA900F9B318 /* Sources */ = {
			isa = PBXSourcesBuildPhase;
			buildActionMask = 2147483647;
			files = (
				ADA279551F17CEA900F9B318 /* RestaurantTable.swift in Sources */,
				ADA279821F17D64100F9B318 /* MapManager.swift in Sources */,
				ADE77D3A1F20746200C06C16 /* Utils.swift in Sources */,
				AD34AE7A1F2A4171002DD9FA /* TestUtils.swift in Sources */,
				AD7050651F38BAF500D5EA2A /* RestaurantTableCell.swift in Sources */,
				AD34AE761F29AE79002DD9FA /* RestaurantsDataSource.swift in Sources */,
				ADA279841F17D70F00F9B318 /* AlertsManager.swift in Sources */,
				AD854A6B1F1D447E000572CC /* App.swift in Sources */,
				ADA279531F17CEA900F9B318 /* AppDelegate.swift in Sources */,
				AD7050691F38E8EC00D5EA2A /* RestaurantTableWrapper.swift in Sources */,
				AD34AE7C1F2B0C31002DD9FA /* LocationManager.swift in Sources */,
				ADEA92631F2F3EF3006DC727 /* SearchBarManager.swift in Sources */,
				AD70506B1F3A11F200D5EA2A /* ShowWebsiteModalViewController.swift in Sources */,
			);
			runOnlyForDeploymentPostprocessing = 0;
		};
/* End PBXSourcesBuildPhase section */

/* Begin PBXTargetDependency section */
		AD4208D11F22568B00671FE8 /* PBXTargetDependency */ = {
			isa = PBXTargetDependency;
			target = ADA2794E1F17CEA900F9B318 /* WhereIsMaFood */;
			targetProxy = AD4208D01F22568B00671FE8 /* PBXContainerItemProxy */;
		};
/* End PBXTargetDependency section */

/* Begin PBXVariantGroup section */
		ADA2795B1F17CEA900F9B318 /* LaunchScreen.storyboard */ = {
			isa = PBXVariantGroup;
			children = (
				ADA2795C1F17CEA900F9B318 /* Base */,
			);
			name = LaunchScreen.storyboard;
			sourceTree = "<group>";
		};
/* End PBXVariantGroup section */

/* Begin XCBuildConfiguration section */
		AD4208D31F22568B00671FE8 /* Debug */ = {
			isa = XCBuildConfiguration;
			baseConfigurationReference = 2263590530F1ABCDFB4E085D /* Pods-WhereIsMaFoodTests.debug.xcconfig */;
			buildSettings = {
				BUNDLE_LOADER = "$(TEST_HOST)";
				DEVELOPMENT_TEAM = 8SAD93VXF8;
				INFOPLIST_FILE = WhereIsMaFoodTests/Info.plist;
				IPHONEOS_DEPLOYMENT_TARGET = 10.2;
				LD_RUNPATH_SEARCH_PATHS = "$(inherited) @executable_path/Frameworks @loader_path/Frameworks";
				PRODUCT_BUNDLE_IDENTIFIER = com.brokenseal.WhereIsMaFood.WhereIsMaFoodTests;
				PRODUCT_NAME = "$(TARGET_NAME)";
				SWIFT_VERSION = 3.0;
				TEST_HOST = "$(BUILT_PRODUCTS_DIR)/WhereIsMaFood.app/WhereIsMaFood";
			};
			name = Debug;
		};
		AD4208D41F22568B00671FE8 /* Release */ = {
			isa = XCBuildConfiguration;
			baseConfigurationReference = 826D2AA0A7D26E92FA1617C7 /* Pods-WhereIsMaFoodTests.release.xcconfig */;
			buildSettings = {
				BUNDLE_LOADER = "$(TEST_HOST)";
				DEVELOPMENT_TEAM = 8SAD93VXF8;
				INFOPLIST_FILE = WhereIsMaFoodTests/Info.plist;
				IPHONEOS_DEPLOYMENT_TARGET = 10.2;
				LD_RUNPATH_SEARCH_PATHS = "$(inherited) @executable_path/Frameworks @loader_path/Frameworks";
				PRODUCT_BUNDLE_IDENTIFIER = com.brokenseal.WhereIsMaFood.WhereIsMaFoodTests;
				PRODUCT_NAME = "$(TARGET_NAME)";
				SWIFT_VERSION = 3.0;
				TEST_HOST = "$(BUILT_PRODUCTS_DIR)/WhereIsMaFood.app/WhereIsMaFood";
			};
			name = Release;
		};
		ADA279751F17CEAA00F9B318 /* Debug */ = {
			isa = XCBuildConfiguration;
			buildSettings = {
				ALWAYS_SEARCH_USER_PATHS = NO;
				CLANG_ANALYZER_NONNULL = YES;
				CLANG_ANALYZER_NUMBER_OBJECT_CONVERSION = YES_AGGRESSIVE;
				CLANG_CXX_LANGUAGE_STANDARD = "gnu++0x";
				CLANG_CXX_LIBRARY = "libc++";
				CLANG_ENABLE_MODULES = YES;
				CLANG_ENABLE_OBJC_ARC = YES;
				CLANG_WARN_BOOL_CONVERSION = YES;
				CLANG_WARN_CONSTANT_CONVERSION = YES;
				CLANG_WARN_DIRECT_OBJC_ISA_USAGE = YES_ERROR;
				CLANG_WARN_DOCUMENTATION_COMMENTS = YES;
				CLANG_WARN_EMPTY_BODY = YES;
				CLANG_WARN_ENUM_CONVERSION = YES;
				CLANG_WARN_INFINITE_RECURSION = YES;
				CLANG_WARN_INT_CONVERSION = YES;
				CLANG_WARN_OBJC_ROOT_CLASS = YES_ERROR;
				CLANG_WARN_SUSPICIOUS_MOVE = YES;
				CLANG_WARN_UNREACHABLE_CODE = YES;
				CLANG_WARN__DUPLICATE_METHOD_MATCH = YES;
				"CODE_SIGN_IDENTITY[sdk=iphoneos*]" = "iPhone Developer";
				COPY_PHASE_STRIP = NO;
				DEBUG_INFORMATION_FORMAT = dwarf;
				ENABLE_STRICT_OBJC_MSGSEND = YES;
				ENABLE_TESTABILITY = YES;
				GCC_C_LANGUAGE_STANDARD = gnu99;
				GCC_DYNAMIC_NO_PIC = NO;
				GCC_NO_COMMON_BLOCKS = YES;
				GCC_OPTIMIZATION_LEVEL = 0;
				GCC_PREPROCESSOR_DEFINITIONS = (
					"DEBUG=1",
					"$(inherited)",
				);
				GCC_WARN_64_TO_32_BIT_CONVERSION = YES;
				GCC_WARN_ABOUT_RETURN_TYPE = YES_ERROR;
				GCC_WARN_UNDECLARED_SELECTOR = YES;
				GCC_WARN_UNINITIALIZED_AUTOS = YES_AGGRESSIVE;
				GCC_WARN_UNUSED_FUNCTION = YES;
				GCC_WARN_UNUSED_VARIABLE = YES;
				IPHONEOS_DEPLOYMENT_TARGET = 10.3;
				MTL_ENABLE_DEBUG_INFO = YES;
				ONLY_ACTIVE_ARCH = YES;
				SDKROOT = iphoneos;
				SWIFT_ACTIVE_COMPILATION_CONDITIONS = DEBUG;
				SWIFT_OPTIMIZATION_LEVEL = "-Onone";
			};
			name = Debug;
		};
		ADA279761F17CEAA00F9B318 /* Release */ = {
			isa = XCBuildConfiguration;
			buildSettings = {
				ALWAYS_SEARCH_USER_PATHS = NO;
				CLANG_ANALYZER_NONNULL = YES;
				CLANG_ANALYZER_NUMBER_OBJECT_CONVERSION = YES_AGGRESSIVE;
				CLANG_CXX_LANGUAGE_STANDARD = "gnu++0x";
				CLANG_CXX_LIBRARY = "libc++";
				CLANG_ENABLE_MODULES = YES;
				CLANG_ENABLE_OBJC_ARC = YES;
				CLANG_WARN_BOOL_CONVERSION = YES;
				CLANG_WARN_CONSTANT_CONVERSION = YES;
				CLANG_WARN_DIRECT_OBJC_ISA_USAGE = YES_ERROR;
				CLANG_WARN_DOCUMENTATION_COMMENTS = YES;
				CLANG_WARN_EMPTY_BODY = YES;
				CLANG_WARN_ENUM_CONVERSION = YES;
				CLANG_WARN_INFINITE_RECURSION = YES;
				CLANG_WARN_INT_CONVERSION = YES;
				CLANG_WARN_OBJC_ROOT_CLASS = YES_ERROR;
				CLANG_WARN_SUSPICIOUS_MOVE = YES;
				CLANG_WARN_UNREACHABLE_CODE = YES;
				CLANG_WARN__DUPLICATE_METHOD_MATCH = YES;
				"CODE_SIGN_IDENTITY[sdk=iphoneos*]" = "iPhone Developer";
				COPY_PHASE_STRIP = NO;
				DEBUG_INFORMATION_FORMAT = "dwarf-with-dsym";
				ENABLE_NS_ASSERTIONS = NO;
				ENABLE_STRICT_OBJC_MSGSEND = YES;
				GCC_C_LANGUAGE_STANDARD = gnu99;
				GCC_NO_COMMON_BLOCKS = YES;
				GCC_WARN_64_TO_32_BIT_CONVERSION = YES;
				GCC_WARN_ABOUT_RETURN_TYPE = YES_ERROR;
				GCC_WARN_UNDECLARED_SELECTOR = YES;
				GCC_WARN_UNINITIALIZED_AUTOS = YES_AGGRESSIVE;
				GCC_WARN_UNUSED_FUNCTION = YES;
				GCC_WARN_UNUSED_VARIABLE = YES;
				IPHONEOS_DEPLOYMENT_TARGET = 10.3;
				MTL_ENABLE_DEBUG_INFO = NO;
				SDKROOT = iphoneos;
				SWIFT_OPTIMIZATION_LEVEL = "-Owholemodule";
				VALIDATE_PRODUCT = YES;
			};
			name = Release;
		};
		ADA279781F17CEAA00F9B318 /* Debug */ = {
			isa = XCBuildConfiguration;
			baseConfigurationReference = 1F5B772E4388044FDD50ECB2 /* Pods-WhereIsMaFood.debug.xcconfig */;
			buildSettings = {
				ASSETCATALOG_COMPILER_APPICON_NAME = AppIcon;
				DEVELOPMENT_TEAM = 8SAD93VXF8;
				INFOPLIST_FILE = WhereIsMaFood/Info.plist;
				IPHONEOS_DEPLOYMENT_TARGET = 10.2;
				LD_RUNPATH_SEARCH_PATHS = "$(inherited) @executable_path/Frameworks";
				PRODUCT_BUNDLE_IDENTIFIER = com.brokenseal.WhereIsMaFood.WhereIsMaFood;
				PRODUCT_NAME = "$(TARGET_NAME)";
				SWIFT_VERSION = 3.0;
			};
			name = Debug;
		};
		ADA279791F17CEAA00F9B318 /* Release */ = {
			isa = XCBuildConfiguration;
			baseConfigurationReference = 8832C333F09F1E883E0B9316 /* Pods-WhereIsMaFood.release.xcconfig */;
			buildSettings = {
				ASSETCATALOG_COMPILER_APPICON_NAME = AppIcon;
				DEVELOPMENT_TEAM = 8SAD93VXF8;
				INFOPLIST_FILE = WhereIsMaFood/Info.plist;
				IPHONEOS_DEPLOYMENT_TARGET = 10.2;
				LD_RUNPATH_SEARCH_PATHS = "$(inherited) @executable_path/Frameworks";
				PRODUCT_BUNDLE_IDENTIFIER = com.brokenseal.WhereIsMaFood.WhereIsMaFood;
				PRODUCT_NAME = "$(TARGET_NAME)";
				SWIFT_VERSION = 3.0;
			};
			name = Release;
		};
/* End XCBuildConfiguration section */

/* Begin XCConfigurationList section */
		AD4208D21F22568B00671FE8 /* Build configuration list for PBXNativeTarget "WhereIsMaFoodTests" */ = {
			isa = XCConfigurationList;
			buildConfigurations = (
				AD4208D31F22568B00671FE8 /* Debug */,
				AD4208D41F22568B00671FE8 /* Release */,
			);
			defaultConfigurationIsVisible = 0;
			defaultConfigurationName = Release;
		};
		ADA2794A1F17CEA900F9B318 /* Build configuration list for PBXProject "WhereIsMaFood" */ = {
			isa = XCConfigurationList;
			buildConfigurations = (
				ADA279751F17CEAA00F9B318 /* Debug */,
				ADA279761F17CEAA00F9B318 /* Release */,
			);
			defaultConfigurationIsVisible = 0;
			defaultConfigurationName = Release;
		};
		ADA279771F17CEAA00F9B318 /* Build configuration list for PBXNativeTarget "WhereIsMaFood" */ = {
			isa = XCConfigurationList;
			buildConfigurations = (
				ADA279781F17CEAA00F9B318 /* Debug */,
				ADA279791F17CEAA00F9B318 /* Release */,
			);
			defaultConfigurationIsVisible = 0;
			defaultConfigurationName = Release;
		};
/* End XCConfigurationList section */
	};
	rootObject = ADA279471F17CEA900F9B318 /* Project object */;
}
